// !$*UTF8*$!
{
	archiveVersion = 1;
	classes = {
	};
	objectVersion = 55;
	objects = {

/* Begin PBXBuildFile section */
		C45EDEAF28D0228D007E449A /* fruitsApp.swift in Sources */ = {isa = PBXBuildFile; fileRef = C45EDEAE28D0228D007E449A /* fruitsApp.swift */; };
		C45EDEB128D0228D007E449A /* ContentView.swift in Sources */ = {isa = PBXBuildFile; fileRef = C45EDEB028D0228D007E449A /* ContentView.swift */; };
		C45EDEB328D0228F007E449A /* Assets.xcassets in Resources */ = {isa = PBXBuildFile; fileRef = C45EDEB228D0228F007E449A /* Assets.xcassets */; };
		C45EDEB628D0228F007E449A /* Preview Assets.xcassets in Resources */ = {isa = PBXBuildFile; fileRef = C45EDEB528D0228F007E449A /* Preview Assets.xcassets */; };
		C45EDEBF28D032FE007E449A /* FruitCardView.swift in Sources */ = {isa = PBXBuildFile; fileRef = C45EDEBE28D032FE007E449A /* FruitCardView.swift */; };
		C45EDEC128D03872007E449A /* StartButton.swift in Sources */ = {isa = PBXBuildFile; fileRef = C45EDEC028D03872007E449A /* StartButton.swift */; };
		C45EDEC328D04EA3007E449A /* OnboardingView.swift in Sources */ = {isa = PBXBuildFile; fileRef = C45EDEC228D04EA3007E449A /* OnboardingView.swift */; };
		C45EDEC628D43AF2007E449A /* FruitModel.swift in Sources */ = {isa = PBXBuildFile; fileRef = C45EDEC528D43AF2007E449A /* FruitModel.swift */; };
		C45EDEC928D43BDE007E449A /* FruitData.swift in Sources */ = {isa = PBXBuildFile; fileRef = C45EDEC828D43BDE007E449A /* FruitData.swift */; };
		C45EDECB28D673A3007E449A /* FruitRowView.swift in Sources */ = {isa = PBXBuildFile; fileRef = C45EDECA28D673A3007E449A /* FruitRowView.swift */; };
		C45EDECD28D679A5007E449A /* FruitDetailView.swift in Sources */ = {isa = PBXBuildFile; fileRef = C45EDECC28D679A5007E449A /* FruitDetailView.swift */; };
		C45EDECF28D68055007E449A /* FruitHeaderView.swift in Sources */ = {isa = PBXBuildFile; fileRef = C45EDECE28D68055007E449A /* FruitHeaderView.swift */; };
		C45EDED128D683AD007E449A /* SourceLinkView.swift in Sources */ = {isa = PBXBuildFile; fileRef = C45EDED028D683AD007E449A /* SourceLinkView.swift */; };
		C45EDED328D68765007E449A /* FruitNutrientsView.swift in Sources */ = {isa = PBXBuildFile; fileRef = C45EDED228D68765007E449A /* FruitNutrientsView.swift */; };
		C45EDED528D68F48007E449A /* SettingsView.swift in Sources */ = {isa = PBXBuildFile; fileRef = C45EDED428D68F48007E449A /* SettingsView.swift */; };
		C45EDED728D69405007E449A /* SettingsLabelView.swift in Sources */ = {isa = PBXBuildFile; fileRef = C45EDED628D69405007E449A /* SettingsLabelView.swift */; };
		C45EDED928D69858007E449A /* SettingsRowView.swift in Sources */ = {isa = PBXBuildFile; fileRef = C45EDED828D69858007E449A /* SettingsRowView.swift */; };
/* End PBXBuildFile section */

/* Begin PBXFileReference section */
		C45EDEAB28D0228D007E449A /* fruits.app */ = {isa = PBXFileReference; explicitFileType = wrapper.application; includeInIndex = 0; path = fruits.app; sourceTree = BUILT_PRODUCTS_DIR; };
		C45EDEAE28D0228D007E449A /* fruitsApp.swift */ = {isa = PBXFileReference; lastKnownFileType = sourcecode.swift; path = fruitsApp.swift; sourceTree = "<group>"; };
		C45EDEB028D0228D007E449A /* ContentView.swift */ = {isa = PBXFileReference; lastKnownFileType = sourcecode.swift; path = ContentView.swift; sourceTree = "<group>"; };
		C45EDEB228D0228F007E449A /* Assets.xcassets */ = {isa = PBXFileReference; lastKnownFileType = folder.assetcatalog; path = Assets.xcassets; sourceTree = "<group>"; };
		C45EDEB528D0228F007E449A /* Preview Assets.xcassets */ = {isa = PBXFileReference; lastKnownFileType = folder.assetcatalog; path = "Preview Assets.xcassets"; sourceTree = "<group>"; };
		C45EDEBE28D032FE007E449A /* FruitCardView.swift */ = {isa = PBXFileReference; lastKnownFileType = sourcecode.swift; path = FruitCardView.swift; sourceTree = "<group>"; };
		C45EDEC028D03872007E449A /* StartButton.swift */ = {isa = PBXFileReference; lastKnownFileType = sourcecode.swift; path = StartButton.swift; sourceTree = "<group>"; };
		C45EDEC228D04EA3007E449A /* OnboardingView.swift */ = {isa = PBXFileReference; lastKnownFileType = sourcecode.swift; path = OnboardingView.swift; sourceTree = "<group>"; };
		C45EDEC528D43AF2007E449A /* FruitModel.swift */ = {isa = PBXFileReference; lastKnownFileType = sourcecode.swift; path = FruitModel.swift; sourceTree = "<group>"; };
		C45EDEC828D43BDE007E449A /* FruitData.swift */ = {isa = PBXFileReference; lastKnownFileType = sourcecode.swift; path = FruitData.swift; sourceTree = "<group>"; };
		C45EDECA28D673A3007E449A /* FruitRowView.swift */ = {isa = PBXFileReference; lastKnownFileType = sourcecode.swift; path = FruitRowView.swift; sourceTree = "<group>"; };
		C45EDECC28D679A5007E449A /* FruitDetailView.swift */ = {isa = PBXFileReference; lastKnownFileType = sourcecode.swift; path = FruitDetailView.swift; sourceTree = "<group>"; };
		C45EDECE28D68055007E449A /* FruitHeaderView.swift */ = {isa = PBXFileReference; lastKnownFileType = sourcecode.swift; path = FruitHeaderView.swift; sourceTree = "<group>"; };
		C45EDED028D683AD007E449A /* SourceLinkView.swift */ = {isa = PBXFileReference; lastKnownFileType = sourcecode.swift; path = SourceLinkView.swift; sourceTree = "<group>"; };
		C45EDED228D68765007E449A /* FruitNutrientsView.swift */ = {isa = PBXFileReference; lastKnownFileType = sourcecode.swift; path = FruitNutrientsView.swift; sourceTree = "<group>"; };
		C45EDED428D68F48007E449A /* SettingsView.swift */ = {isa = PBXFileReference; lastKnownFileType = sourcecode.swift; path = SettingsView.swift; sourceTree = "<group>"; };
		C45EDED628D69405007E449A /* SettingsLabelView.swift */ = {isa = PBXFileReference; lastKnownFileType = sourcecode.swift; path = SettingsLabelView.swift; sourceTree = "<group>"; };
		C45EDED828D69858007E449A /* SettingsRowView.swift */ = {isa = PBXFileReference; lastKnownFileType = sourcecode.swift; path = SettingsRowView.swift; sourceTree = "<group>"; };
/* End PBXFileReference section */

/* Begin PBXFrameworksBuildPhase section */
		C45EDEA828D0228D007E449A /* Frameworks */ = {
			isa = PBXFrameworksBuildPhase;
			buildActionMask = 2147483647;
			files = (
			);
			runOnlyForDeploymentPostprocessing = 0;
		};
/* End PBXFrameworksBuildPhase section */

/* Begin PBXGroup section */
		C45EDEA228D0228D007E449A = {
			isa = PBXGroup;
			children = (
				C45EDEAD28D0228D007E449A /* fruits */,
				C45EDEAC28D0228D007E449A /* Products */,
			);
			sourceTree = "<group>";
		};
		C45EDEAC28D0228D007E449A /* Products */ = {
			isa = PBXGroup;
			children = (
				C45EDEAB28D0228D007E449A /* fruits.app */,
			);
			name = Products;
			sourceTree = "<group>";
		};
		C45EDEAD28D0228D007E449A /* fruits */ = {
			isa = PBXGroup;
			children = (
				C45EDEC728D43BCB007E449A /* Data */,
				C45EDEC428D43ACE007E449A /* Model */,
				C45EDEBD28D032CD007E449A /* View */,
				C45EDEBC28D02F36007E449A /* App */,
				C45EDEB228D0228F007E449A /* Assets.xcassets */,
				C45EDEB428D0228F007E449A /* Preview Content */,
			);
			path = fruits;
			sourceTree = "<group>";
		};
		C45EDEB428D0228F007E449A /* Preview Content */ = {
			isa = PBXGroup;
			children = (
				C45EDEB528D0228F007E449A /* Preview Assets.xcassets */,
			);
			path = "Preview Content";
			sourceTree = "<group>";
		};
		C45EDEBC28D02F36007E449A /* App */ = {
			isa = PBXGroup;
			children = (
				C45EDEAE28D0228D007E449A /* fruitsApp.swift */,
				C45EDEB028D0228D007E449A /* ContentView.swift */,
				C45EDEC228D04EA3007E449A /* OnboardingView.swift */,
				C45EDECC28D679A5007E449A /* FruitDetailView.swift */,
				C45EDED428D68F48007E449A /* SettingsView.swift */,
			);
			path = App;
			sourceTree = "<group>";
		};
		C45EDEBD28D032CD007E449A /* View */ = {
			isa = PBXGroup;
			children = (
				C45EDEBE28D032FE007E449A /* FruitCardView.swift */,
				C45EDEC028D03872007E449A /* StartButton.swift */,
				C45EDECA28D673A3007E449A /* FruitRowView.swift */,
				C45EDECE28D68055007E449A /* FruitHeaderView.swift */,
				C45EDED028D683AD007E449A /* SourceLinkView.swift */,
				C45EDED228D68765007E449A /* FruitNutrientsView.swift */,
				C45EDED628D69405007E449A /* SettingsLabelView.swift */,
				C45EDED828D69858007E449A /* SettingsRowView.swift */,
			);
			path = View;
			sourceTree = "<group>";
		};
		C45EDEC428D43ACE007E449A /* Model */ = {
			isa = PBXGroup;
			children = (
				C45EDEC528D43AF2007E449A /* FruitModel.swift */,
			);
			path = Model;
			sourceTree = "<group>";
		};
		C45EDEC728D43BCB007E449A /* Data */ = {
			isa = PBXGroup;
			children = (
				C45EDEC828D43BDE007E449A /* FruitData.swift */,
			);
			path = Data;
			sourceTree = "<group>";
		};
/* End PBXGroup section */

/* Begin PBXNativeTarget section */
		C45EDEAA28D0228D007E449A /* fruits */ = {
			isa = PBXNativeTarget;
			buildConfigurationList = C45EDEB928D0228F007E449A /* Build configuration list for PBXNativeTarget "fruits" */;
			buildPhases = (
				C45EDEA728D0228D007E449A /* Sources */,
				C45EDEA828D0228D007E449A /* Frameworks */,
				C45EDEA928D0228D007E449A /* Resources */,
			);
			buildRules = (
			);
			dependencies = (
			);
			name = fruits;
			productName = fruits;
			productReference = C45EDEAB28D0228D007E449A /* fruits.app */;
			productType = "com.apple.product-type.application";
		};
/* End PBXNativeTarget section */

/* Begin PBXProject section */
		C45EDEA328D0228D007E449A /* Project object */ = {
			isa = PBXProject;
			attributes = {
				BuildIndependentTargetsInParallel = 1;
				LastSwiftUpdateCheck = 1340;
				LastUpgradeCheck = 1340;
				TargetAttributes = {
					C45EDEAA28D0228D007E449A = {
						CreatedOnToolsVersion = 13.4.1;
					};
				};
			};
			buildConfigurationList = C45EDEA628D0228D007E449A /* Build configuration list for PBXProject "fruits" */;
			compatibilityVersion = "Xcode 13.0";
			developmentRegion = en;
			hasScannedForEncodings = 0;
			knownRegions = (
				en,
				Base,
			);
			mainGroup = C45EDEA228D0228D007E449A;
			productRefGroup = C45EDEAC28D0228D007E449A /* Products */;
			projectDirPath = "";
			projectRoot = "";
			targets = (
				C45EDEAA28D0228D007E449A /* fruits */,
			);
		};
/* End PBXProject section */

/* Begin PBXResourcesBuildPhase section */
		C45EDEA928D0228D007E449A /* Resources */ = {
			isa = PBXResourcesBuildPhase;
			buildActionMask = 2147483647;
			files = (
				C45EDEB628D0228F007E449A /* Preview Assets.xcassets in Resources */,
				C45EDEB328D0228F007E449A /* Assets.xcassets in Resources */,
			);
			runOnlyForDeploymentPostprocessing = 0;
		};
/* End PBXResourcesBuildPhase section */

/* Begin PBXSourcesBuildPhase section */
		C45EDEA728D0228D007E449A /* Sources */ = {
			isa = PBXSourcesBuildPhase;
			buildActionMask = 2147483647;
			files = (
				C45EDEC928D43BDE007E449A /* FruitData.swift in Sources */,
				C45EDED128D683AD007E449A /* SourceLinkView.swift in Sources */,
				C45EDED928D69858007E449A /* SettingsRowView.swift in Sources */,
				C45EDEBF28D032FE007E449A /* FruitCardView.swift in Sources */,
				C45EDECB28D673A3007E449A /* FruitRowView.swift in Sources */,
				C45EDED328D68765007E449A /* FruitNutrientsView.swift in Sources */,
				C45EDEB128D0228D007E449A /* ContentView.swift in Sources */,
				C45EDECD28D679A5007E449A /* FruitDetailView.swift in Sources */,
				C45EDEC128D03872007E449A /* StartButton.swift in Sources */,
				C45EDECF28D68055007E449A /* FruitHeaderView.swift in Sources */,
				C45EDEC328D04EA3007E449A /* OnboardingView.swift in Sources */,
				C45EDED728D69405007E449A /* SettingsLabelView.swift in Sources */,
				C45EDEC628D43AF2007E449A /* FruitModel.swift in Sources */,
				C45EDEAF28D0228D007E449A /* fruitsApp.swift in Sources */,
				C45EDED528D68F48007E449A /* SettingsView.swift in Sources */,
			);
			runOnlyForDeploymentPostprocessing = 0;
		};
/* End PBXSourcesBuildPhase section */

/* Begin XCBuildConfiguration section */
		C45EDEB728D0228F007E449A /* Debug */ = {
			isa = XCBuildConfiguration;
			buildSettings = {
				ALWAYS_SEARCH_USER_PATHS = NO;
				CLANG_ANALYZER_NONNULL = YES;
				CLANG_ANALYZER_NUMBER_OBJECT_CONVERSION = YES_AGGRESSIVE;
				CLANG_CXX_LANGUAGE_STANDARD = "gnu++17";
				CLANG_ENABLE_MODULES = YES;
				CLANG_ENABLE_OBJC_ARC = YES;
				CLANG_ENABLE_OBJC_WEAK = YES;
				CLANG_WARN_BLOCK_CAPTURE_AUTORELEASING = YES;
				CLANG_WARN_BOOL_CONVERSION = YES;
				CLANG_WARN_COMMA = YES;
				CLANG_WARN_CONSTANT_CONVERSION = YES;
				CLANG_WARN_DEPRECATED_OBJC_IMPLEMENTATIONS = YES;
				CLANG_WARN_DIRECT_OBJC_ISA_USAGE = YES_ERROR;
				CLANG_WARN_DOCUMENTATION_COMMENTS = YES;
				CLANG_WARN_EMPTY_BODY = YES;
				CLANG_WARN_ENUM_CONVERSION = YES;
				CLANG_WARN_INFINITE_RECURSION = YES;
				CLANG_WARN_INT_CONVERSION = YES;
				CLANG_WARN_NON_LITERAL_NULL_CONVERSION = YES;
				CLANG_WARN_OBJC_IMPLICIT_RETAIN_SELF = YES;
				CLANG_WARN_OBJC_LITERAL_CONVERSION = YES;
				CLANG_WARN_OBJC_ROOT_CLASS = YES_ERROR;
				CLANG_WARN_QUOTED_INCLUDE_IN_FRAMEWORK_HEADER = YES;
				CLANG_WARN_RANGE_LOOP_ANALYSIS = YES;
				CLANG_WARN_STRICT_PROTOTYPES = YES;
				CLANG_WARN_SUSPICIOUS_MOVE = YES;
				CLANG_WARN_UNGUARDED_AVAILABILITY = YES_AGGRESSIVE;
				CLANG_WARN_UNREACHABLE_CODE = YES;
				CLANG_WARN__DUPLICATE_METHOD_MATCH = YES;
				COPY_PHASE_STRIP = NO;
				DEBUG_INFORMATION_FORMAT = dwarf;
				ENABLE_STRICT_OBJC_MSGSEND = YES;
				ENABLE_TESTABILITY = YES;
				GCC_C_LANGUAGE_STANDARD = gnu11;
				GCC_DYNAMIC_NO_PIC = NO;
				GCC_NO_COMMON_BLOCKS = YES;
				GCC_OPTIMIZATION_LEVEL = 0;
				GCC_PREPROCESSOR_DEFINITIONS = (
					"DEBUG=1",
					"$(inherited)",
				);
				GCC_WARN_64_TO_32_BIT_CONVERSION = YES;
				GCC_WARN_ABOUT_RETURN_TYPE = YES_ERROR;
				GCC_WARN_UNDECLARED_SELECTOR = YES;
				GCC_WARN_UNINITIALIZED_AUTOS = YES_AGGRESSIVE;
				GCC_WARN_UNUSED_FUNCTION = YES;
				GCC_WARN_UNUSED_VARIABLE = YES;
				IPHONEOS_DEPLOYMENT_TARGET = 15.5;
				MTL_ENABLE_DEBUG_INFO = INCLUDE_SOURCE;
				MTL_FAST_MATH = YES;
				ONLY_ACTIVE_ARCH = YES;
				SDKROOT = iphoneos;
				SWIFT_ACTIVE_COMPILATION_CONDITIONS = DEBUG;
				SWIFT_OPTIMIZATION_LEVEL = "-Onone";
			};
			name = Debug;
		};
		C45EDEB828D0228F007E449A /* Release */ = {
			isa = XCBuildConfiguration;
			buildSettings = {
				ALWAYS_SEARCH_USER_PATHS = NO;
				CLANG_ANALYZER_NONNULL = YES;
				CLANG_ANALYZER_NUMBER_OBJECT_CONVERSION = YES_AGGRESSIVE;
				CLANG_CXX_LANGUAGE_STANDARD = "gnu++17";
				CLANG_ENABLE_MODULES = YES;
				CLANG_ENABLE_OBJC_ARC = YES;
				CLANG_ENABLE_OBJC_WEAK = YES;
				CLANG_WARN_BLOCK_CAPTURE_AUTORELEASING = YES;
				CLANG_WARN_BOOL_CONVERSION = YES;
				CLANG_WARN_COMMA = YES;
				CLANG_WARN_CONSTANT_CONVERSION = YES;
				CLANG_WARN_DEPRECATED_OBJC_IMPLEMENTATIONS = YES;
				CLANG_WARN_DIRECT_OBJC_ISA_USAGE = YES_ERROR;
				CLANG_WARN_DOCUMENTATION_COMMENTS = YES;
				CLANG_WARN_EMPTY_BODY = YES;
				CLANG_WARN_ENUM_CONVERSION = YES;
				CLANG_WARN_INFINITE_RECURSION = YES;
				CLANG_WARN_INT_CONVERSION = YES;
				CLANG_WARN_NON_LITERAL_NULL_CONVERSION = YES;
				CLANG_WARN_OBJC_IMPLICIT_RETAIN_SELF = YES;
				CLANG_WARN_OBJC_LITERAL_CONVERSION = YES;
				CLANG_WARN_OBJC_ROOT_CLASS = YES_ERROR;
				CLANG_WARN_QUOTED_INCLUDE_IN_FRAMEWORK_HEADER = YES;
				CLANG_WARN_RANGE_LOOP_ANALYSIS = YES;
				CLANG_WARN_STRICT_PROTOTYPES = YES;
				CLANG_WARN_SUSPICIOUS_MOVE = YES;
				CLANG_WARN_UNGUARDED_AVAILABILITY = YES_AGGRESSIVE;
				CLANG_WARN_UNREACHABLE_CODE = YES;
				CLANG_WARN__DUPLICATE_METHOD_MATCH = YES;
				COPY_PHASE_STRIP = NO;
				DEBUG_INFORMATION_FORMAT = "dwarf-with-dsym";
				ENABLE_NS_ASSERTIONS = NO;
				ENABLE_STRICT_OBJC_MSGSEND = YES;
				GCC_C_LANGUAGE_STANDARD = gnu11;
				GCC_NO_COMMON_BLOCKS = YES;
				GCC_WARN_64_TO_32_BIT_CONVERSION = YES;
				GCC_WARN_ABOUT_RETURN_TYPE = YES_ERROR;
				GCC_WARN_UNDECLARED_SELECTOR = YES;
				GCC_WARN_UNINITIALIZED_AUTOS = YES_AGGRESSIVE;
				GCC_WARN_UNUSED_FUNCTION = YES;
				GCC_WARN_UNUSED_VARIABLE = YES;
				IPHONEOS_DEPLOYMENT_TARGET = 15.5;
				MTL_ENABLE_DEBUG_INFO = NO;
				MTL_FAST_MATH = YES;
				SDKROOT = iphoneos;
				SWIFT_COMPILATION_MODE = wholemodule;
				SWIFT_OPTIMIZATION_LEVEL = "-O";
				VALIDATE_PRODUCT = YES;
			};
			name = Release;
		};
		C45EDEBA28D0228F007E449A /* Debug */ = {
			isa = XCBuildConfiguration;
			buildSettings = {
				ASSETCATALOG_COMPILER_APPICON_NAME = AppIcon;
				ASSETCATALOG_COMPILER_GLOBAL_ACCENT_COLOR_NAME = AccentColor;
				CODE_SIGN_STYLE = Automatic;
				CURRENT_PROJECT_VERSION = 1;
				DEVELOPMENT_ASSET_PATHS = "\"fruits/Preview Content\"";
				DEVELOPMENT_TEAM = 3R595F7GX6;
				ENABLE_PREVIEWS = YES;
				GENERATE_INFOPLIST_FILE = YES;
				INFOPLIST_KEY_UIApplicationSceneManifest_Generation = YES;
				INFOPLIST_KEY_UIApplicationSupportsIndirectInputEvents = YES;
				INFOPLIST_KEY_UILaunchScreen_Generation = YES;
				INFOPLIST_KEY_UISupportedInterfaceOrientations = UIInterfaceOrientationPortrait;
				INFOPLIST_KEY_UISupportedInterfaceOrientations_iPad = "UIInterfaceOrientationPortrait UIInterfaceOrientationPortraitUpsideDown UIInterfaceOrientationLandscapeLeft UIInterfaceOrientationLandscapeRight";
				INFOPLIST_KEY_UISupportedInterfaceOrientations_iPhone = "UIInterfaceOrientationPortrait UIInterfaceOrientationLandscapeLeft UIInterfaceOrientationLandscapeRight";
				LD_RUNPATH_SEARCH_PATHS = (
					"$(inherited)",
					"@executable_path/Frameworks",
				);
				MARKETING_VERSION = 1.0;
				PRODUCT_BUNDLE_IDENTIFIER = com.harvey.herrera.fruits;
				PRODUCT_NAME = "$(TARGET_NAME)";
				SWIFT_EMIT_LOC_STRINGS = YES;
				SWIFT_VERSION = 5.0;
				TARGETED_DEVICE_FAMILY = "1,2";
			};
			name = Debug;
		};
		C45EDEBB28D0228F007E449A /* Release */ = {
			isa = XCBuildConfiguration;
			buildSettings = {
				ASSETCATALOG_COMPILER_APPICON_NAME = AppIcon;
				ASSETCATALOG_COMPILER_GLOBAL_ACCENT_COLOR_NAME = AccentColor;
				CODE_SIGN_STYLE = Automatic;
				CURRENT_PROJECT_VERSION = 1;
				DEVELOPMENT_ASSET_PATHS = "\"fruits/Preview Content\"";
				DEVELOPMENT_TEAM = 3R595F7GX6;
				ENABLE_PREVIEWS = YES;
				GENERATE_INFOPLIST_FILE = YES;
				INFOPLIST_KEY_UIApplicationSceneManifest_Generation = YES;
				INFOPLIST_KEY_UIApplicationSupportsIndirectInputEvents = YES;
				INFOPLIST_KEY_UILaunchScreen_Generation = YES;
				INFOPLIST_KEY_UISupportedInterfaceOrientations = UIInterfaceOrientationPortrait;
				INFOPLIST_KEY_UISupportedInterfaceOrientations_iPad = "UIInterfaceOrientationPortrait UIInterfaceOrientationPortraitUpsideDown UIInterfaceOrientationLandscapeLeft UIInterfaceOrientationLandscapeRight";
				INFOPLIST_KEY_UISupportedInterfaceOrientations_iPhone = "UIInterfaceOrientationPortrait UIInterfaceOrientationLandscapeLeft UIInterfaceOrientationLandscapeRight";
				LD_RUNPATH_SEARCH_PATHS = (
					"$(inherited)",
					"@executable_path/Frameworks",
				);
				MARKETING_VERSION = 1.0;
				PRODUCT_BUNDLE_IDENTIFIER = com.harvey.herrera.fruits;
				PRODUCT_NAME = "$(TARGET_NAME)";
				SWIFT_EMIT_LOC_STRINGS = YES;
				SWIFT_VERSION = 5.0;
				TARGETED_DEVICE_FAMILY = "1,2";
			};
			name = Release;
		};
/* End XCBuildConfiguration section */

/* Begin XCConfigurationList section */
		C45EDEA628D0228D007E449A /* Build configuration list for PBXProject "fruits" */ = {
			isa = XCConfigurationList;
			buildConfigurations = (
				C45EDEB728D0228F007E449A /* Debug */,
				C45EDEB828D0228F007E449A /* Release */,
			);
			defaultConfigurationIsVisible = 0;
			defaultConfigurationName = Release;
		};
		C45EDEB928D0228F007E449A /* Build configuration list for PBXNativeTarget "fruits" */ = {
			isa = XCConfigurationList;
			buildConfigurations = (
				C45EDEBA28D0228F007E449A /* Debug */,
				C45EDEBB28D0228F007E449A /* Release */,
			);
			defaultConfigurationIsVisible = 0;
			defaultConfigurationName = Release;
		};
/* End XCConfigurationList section */
	};
	rootObject = C45EDEA328D0228D007E449A /* Project object */;
}
